
Microsoft Visual Studio Solution File, Format Version 12.00
# Visual Studio Version 17
VisualStudioVersion = 17.3.32825.248
MinimumVisualStudioVersion = 10.0.40219.1
Project("{FAE04EC0-301F-11D3-BF4B-00C04F79EFBC}") = "Week15OOPAndFiles", "Week15OOPAndFiles\Week15OOPAndFiles.csproj", "{A81B18A7-2E52-41EC-A931-9CB7A7E903DB}"
EndProject
Global
	GlobalSection(SolutionConfigurationPlatforms) = preSolution
		Debug|Any CPU = Debug|Any CPU
		Release|Any CPU = Release|Any CPU
	EndGlobalSection
	GlobalSection(ProjectConfigurationPlatforms) = postSolution
		{A81B18A7-2E52-41EC-A931-9CB7A7E903DB}.Debug|Any CPU.ActiveCfg = Debug|Any CPU
		{A81B18A7-2E52-41EC-A931-9CB7A7E903DB}.Debug|Any CPU.Build.0 = Debug|Any CPU
		{A81B18A7-2E52-41EC-A931-9CB7A7E903DB}.Release|Any CPU.ActiveCfg = Release|Any CPU
		{A81B18A7-2E52-41EC-A931-9CB7A7E903DB}.Release|Any CPU.Build.0 = Release|Any CPU
	EndGlobalSection
	GlobalSection(SolutionProperties) = preSolution
		HideSolutionNode = FALSE
	EndGlobalSection
	GlobalSection(ExtensibilityGlobals) = postSolution
		SolutionGuid = {E4109E6E-BD81-48BE-96E4-48275AD882AF}
	EndGlobalSection
EndGlobal
